// !$*UTF8*$!
{
	archiveVersion = 1;
	classes = {
	};
	objectVersion = 48;
	objects = {

/* Begin PBXBuildFile section */
		751C9F161FA67AB500D169E6 /* AppDelegate.swift in Sources */ = {isa = PBXBuildFile; fileRef = 751C9F151FA67AB500D169E6 /* AppDelegate.swift */; };
		751C9F181FA67AB500D169E6 /* ViewController.swift in Sources */ = {isa = PBXBuildFile; fileRef = 751C9F171FA67AB500D169E6 /* ViewController.swift */; };
		751C9F1B1FA67AB500D169E6 /* Main.storyboard in Resources */ = {isa = PBXBuildFile; fileRef = 751C9F191FA67AB500D169E6 /* Main.storyboard */; };
		751C9F1D1FA67AB500D169E6 /* Assets.xcassets in Resources */ = {isa = PBXBuildFile; fileRef = 751C9F1C1FA67AB500D169E6 /* Assets.xcassets */; };
		751C9F201FA67AB500D169E6 /* LaunchScreen.storyboard in Resources */ = {isa = PBXBuildFile; fileRef = 751C9F1E1FA67AB500D169E6 /* LaunchScreen.storyboard */; };
		751C9F2B1FA67AB500D169E6 /* YagniTests.swift in Sources */ = {isa = PBXBuildFile; fileRef = 751C9F2A1FA67AB500D169E6 /* YagniTests.swift */; };
		751C9F361FA67AB500D169E6 /* YagniUITests.swift in Sources */ = {isa = PBXBuildFile; fileRef = 751C9F351FA67AB500D169E6 /* YagniUITests.swift */; };
		756437C21FABE42300E9E87B /* CategoryCell.swift in Sources */ = {isa = PBXBuildFile; fileRef = 756437C11FABE42300E9E87B /* CategoryCell.swift */; };
		75B28B401FAD19C800BE58C4 /* Models.swift in Sources */ = {isa = PBXBuildFile; fileRef = 75B28B3F1FAD19C800BE58C4 /* Models.swift */; };
/* End PBXBuildFile section */

/* Begin PBXContainerItemProxy section */
		751C9F271FA67AB500D169E6 /* PBXContainerItemProxy */ = {
			isa = PBXContainerItemProxy;
			containerPortal = 751C9F0A1FA67AB500D169E6 /* Project object */;
			proxyType = 1;
			remoteGlobalIDString = 751C9F111FA67AB500D169E6;
			remoteInfo = Yagni;
		};
		751C9F321FA67AB500D169E6 /* PBXContainerItemProxy */ = {
			isa = PBXContainerItemProxy;
			containerPortal = 751C9F0A1FA67AB500D169E6 /* Project object */;
			proxyType = 1;
			remoteGlobalIDString = 751C9F111FA67AB500D169E6;
			remoteInfo = Yagni;
		};
/* End PBXContainerItemProxy section */

/* Begin PBXFileReference section */
		751C9F121FA67AB500D169E6 /* Yagni.app */ = {isa = PBXFileReference; explicitFileType = wrapper.application; includeInIndex = 0; path = Yagni.app; sourceTree = BUILT_PRODUCTS_DIR; };
		751C9F151FA67AB500D169E6 /* AppDelegate.swift */ = {isa = PBXFileReference; lastKnownFileType = sourcecode.swift; path = AppDelegate.swift; sourceTree = "<group>"; };
		751C9F171FA67AB500D169E6 /* ViewController.swift */ = {isa = PBXFileReference; lastKnownFileType = sourcecode.swift; path = ViewController.swift; sourceTree = "<group>"; };
		751C9F1A1FA67AB500D169E6 /* Base */ = {isa = PBXFileReference; lastKnownFileType = file.storyboard; name = Base; path = Base.lproj/Main.storyboard; sourceTree = "<group>"; };
		751C9F1C1FA67AB500D169E6 /* Assets.xcassets */ = {isa = PBXFileReference; lastKnownFileType = folder.assetcatalog; path = Assets.xcassets; sourceTree = "<group>"; };
		751C9F1F1FA67AB500D169E6 /* Base */ = {isa = PBXFileReference; lastKnownFileType = file.storyboard; name = Base; path = Base.lproj/LaunchScreen.storyboard; sourceTree = "<group>"; };
		751C9F211FA67AB500D169E6 /* Info.plist */ = {isa = PBXFileReference; lastKnownFileType = text.plist.xml; path = Info.plist; sourceTree = "<group>"; };
		751C9F261FA67AB500D169E6 /* YagniTests.xctest */ = {isa = PBXFileReference; explicitFileType = wrapper.cfbundle; includeInIndex = 0; path = YagniTests.xctest; sourceTree = BUILT_PRODUCTS_DIR; };
		751C9F2A1FA67AB500D169E6 /* YagniTests.swift */ = {isa = PBXFileReference; lastKnownFileType = sourcecode.swift; path = YagniTests.swift; sourceTree = "<group>"; };
		751C9F2C1FA67AB500D169E6 /* Info.plist */ = {isa = PBXFileReference; lastKnownFileType = text.plist.xml; path = Info.plist; sourceTree = "<group>"; };
		751C9F311FA67AB500D169E6 /* YagniUITests.xctest */ = {isa = PBXFileReference; explicitFileType = wrapper.cfbundle; includeInIndex = 0; path = YagniUITests.xctest; sourceTree = BUILT_PRODUCTS_DIR; };
		751C9F351FA67AB500D169E6 /* YagniUITests.swift */ = {isa = PBXFileReference; lastKnownFileType = sourcecode.swift; path = YagniUITests.swift; sourceTree = "<group>"; };
		751C9F371FA67AB500D169E6 /* Info.plist */ = {isa = PBXFileReference; lastKnownFileType = text.plist.xml; path = Info.plist; sourceTree = "<group>"; };
		756437C11FABE42300E9E87B /* CategoryCell.swift */ = {isa = PBXFileReference; lastKnownFileType = sourcecode.swift; path = CategoryCell.swift; sourceTree = "<group>"; };
		75866AE21FFB101F00D94102 /* Yagni.entitlements */ = {isa = PBXFileReference; lastKnownFileType = text.plist.entitlements; path = Yagni.entitlements; sourceTree = "<group>"; };
		75B28B3F1FAD19C800BE58C4 /* Models.swift */ = {isa = PBXFileReference; lastKnownFileType = sourcecode.swift; path = Models.swift; sourceTree = "<group>"; };
/* End PBXFileReference section */

/* Begin PBXFrameworksBuildPhase section */
		751C9F0F1FA67AB500D169E6 /* Frameworks */ = {
			isa = PBXFrameworksBuildPhase;
			buildActionMask = 2147483647;
			files = (
			);
			runOnlyForDeploymentPostprocessing = 0;
		};
		751C9F231FA67AB500D169E6 /* Frameworks */ = {
			isa = PBXFrameworksBuildPhase;
			buildActionMask = 2147483647;
			files = (
			);
			runOnlyForDeploymentPostprocessing = 0;
		};
		751C9F2E1FA67AB500D169E6 /* Frameworks */ = {
			isa = PBXFrameworksBuildPhase;
			buildActionMask = 2147483647;
			files = (
			);
			runOnlyForDeploymentPostprocessing = 0;
		};
/* End PBXFrameworksBuildPhase section */

/* Begin PBXGroup section */
		751C9F091FA67AB500D169E6 = {
			isa = PBXGroup;
			children = (
				751C9F141FA67AB500D169E6 /* Yagni */,
				751C9F291FA67AB500D169E6 /* YagniTests */,
				751C9F341FA67AB500D169E6 /* YagniUITests */,
				751C9F131FA67AB500D169E6 /* Products */,
				75866AE31FFB101F00D94102 /* Frameworks */,
			);
			sourceTree = "<group>";
		};
		751C9F131FA67AB500D169E6 /* Products */ = {
			isa = PBXGroup;
			children = (
				751C9F121FA67AB500D169E6 /* Yagni.app */,
				751C9F261FA67AB500D169E6 /* YagniTests.xctest */,
				751C9F311FA67AB500D169E6 /* YagniUITests.xctest */,
			);
			name = Products;
			sourceTree = "<group>";
		};
		751C9F141FA67AB500D169E6 /* Yagni */ = {
			isa = PBXGroup;
			children = (
				75866AE21FFB101F00D94102 /* Yagni.entitlements */,
				751C9F151FA67AB500D169E6 /* AppDelegate.swift */,
				751C9F171FA67AB500D169E6 /* ViewController.swift */,
				756437C11FABE42300E9E87B /* CategoryCell.swift */,
				75B28B3F1FAD19C800BE58C4 /* Models.swift */,
				751C9F191FA67AB500D169E6 /* Main.storyboard */,
				751C9F1C1FA67AB500D169E6 /* Assets.xcassets */,
				751C9F1E1FA67AB500D169E6 /* LaunchScreen.storyboard */,
				751C9F211FA67AB500D169E6 /* Info.plist */,
			);
			path = Yagni;
			sourceTree = "<group>";
		};
		751C9F291FA67AB500D169E6 /* YagniTests */ = {
			isa = PBXGroup;
			children = (
				751C9F2A1FA67AB500D169E6 /* YagniTests.swift */,
				751C9F2C1FA67AB500D169E6 /* Info.plist */,
			);
			path = YagniTests;
			sourceTree = "<group>";
		};
		751C9F341FA67AB500D169E6 /* YagniUITests */ = {
			isa = PBXGroup;
			children = (
				751C9F351FA67AB500D169E6 /* YagniUITests.swift */,
				751C9F371FA67AB500D169E6 /* Info.plist */,
			);
			path = YagniUITests;
			sourceTree = "<group>";
		};
		75866AE31FFB101F00D94102 /* Frameworks */ = {
			isa = PBXGroup;
			children = (
			);
			name = Frameworks;
			sourceTree = "<group>";
		};
/* End PBXGroup section */

/* Begin PBXNativeTarget section */
		751C9F111FA67AB500D169E6 /* Yagni */ = {
			isa = PBXNativeTarget;
			buildConfigurationList = 751C9F3A1FA67AB500D169E6 /* Build configuration list for PBXNativeTarget "Yagni" */;
			buildPhases = (
				751C9F0E1FA67AB500D169E6 /* Sources */,
				751C9F0F1FA67AB500D169E6 /* Frameworks */,
				751C9F101FA67AB500D169E6 /* Resources */,
			);
			buildRules = (
			);
			dependencies = (
			);
			name = Yagni;
			productName = Yagni;
			productReference = 751C9F121FA67AB500D169E6 /* Yagni.app */;
			productType = "com.apple.product-type.application";
		};
		751C9F251FA67AB500D169E6 /* YagniTests */ = {
			isa = PBXNativeTarget;
			buildConfigurationList = 751C9F3D1FA67AB500D169E6 /* Build configuration list for PBXNativeTarget "YagniTests" */;
			buildPhases = (
				751C9F221FA67AB500D169E6 /* Sources */,
				751C9F231FA67AB500D169E6 /* Frameworks */,
				751C9F241FA67AB500D169E6 /* Resources */,
			);
			buildRules = (
			);
			dependencies = (
				751C9F281FA67AB500D169E6 /* PBXTargetDependency */,
			);
			name = YagniTests;
			productName = YagniTests;
			productReference = 751C9F261FA67AB500D169E6 /* YagniTests.xctest */;
			productType = "com.apple.product-type.bundle.unit-test";
		};
		751C9F301FA67AB500D169E6 /* YagniUITests */ = {
			isa = PBXNativeTarget;
			buildConfigurationList = 751C9F401FA67AB500D169E6 /* Build configuration list for PBXNativeTarget "YagniUITests" */;
			buildPhases = (
				751C9F2D1FA67AB500D169E6 /* Sources */,
				751C9F2E1FA67AB500D169E6 /* Frameworks */,
				751C9F2F1FA67AB500D169E6 /* Resources */,
			);
			buildRules = (
			);
			dependencies = (
				751C9F331FA67AB500D169E6 /* PBXTargetDependency */,
			);
			name = YagniUITests;
			productName = YagniUITests;
			productReference = 751C9F311FA67AB500D169E6 /* YagniUITests.xctest */;
			productType = "com.apple.product-type.bundle.ui-testing";
		};
/* End PBXNativeTarget section */

/* Begin PBXProject section */
		751C9F0A1FA67AB500D169E6 /* Project object */ = {
			isa = PBXProject;
			attributes = {
				LastSwiftUpdateCheck = 0900;
				LastUpgradeCheck = 0900;
				ORGANIZATIONNAME = "Daval Cato";
				TargetAttributes = {
					751C9F111FA67AB500D169E6 = {
						CreatedOnToolsVersion = 9.0;
						ProvisioningStyle = Automatic;
						SystemCapabilities = {
							com.apple.HomeKit = {
								enabled = 0;
							};
						};
					};
					751C9F251FA67AB500D169E6 = {
						CreatedOnToolsVersion = 9.0;
						ProvisioningStyle = Automatic;
						TestTargetID = 751C9F111FA67AB500D169E6;
					};
					751C9F301FA67AB500D169E6 = {
						CreatedOnToolsVersion = 9.0;
						ProvisioningStyle = Automatic;
						TestTargetID = 751C9F111FA67AB500D169E6;
					};
				};
			};
			buildConfigurationList = 751C9F0D1FA67AB500D169E6 /* Build configuration list for PBXProject "Yagni" */;
			compatibilityVersion = "Xcode 8.0";
			developmentRegion = en;
			hasScannedForEncodings = 0;
			knownRegions = (
				en,
				Base,
			);
			mainGroup = 751C9F091FA67AB500D169E6;
			productRefGroup = 751C9F131FA67AB500D169E6 /* Products */;
			projectDirPath = "";
			projectRoot = "";
			targets = (
				751C9F111FA67AB500D169E6 /* Yagni */,
				751C9F251FA67AB500D169E6 /* YagniTests */,
				751C9F301FA67AB500D169E6 /* YagniUITests */,
			);
		};
/* End PBXProject section */

/* Begin PBXResourcesBuildPhase section */
		751C9F101FA67AB500D169E6 /* Resources */ = {
			isa = PBXResourcesBuildPhase;
			buildActionMask = 2147483647;
			files = (
				751C9F201FA67AB500D169E6 /* LaunchScreen.storyboard in Resources */,
				751C9F1D1FA67AB500D169E6 /* Assets.xcassets in Resources */,
				751C9F1B1FA67AB500D169E6 /* Main.storyboard in Resources */,
			);
			runOnlyForDeploymentPostprocessing = 0;
		};
		751C9F241FA67AB500D169E6 /* Resources */ = {
			isa = PBXResourcesBuildPhase;
			buildActionMask = 2147483647;
			files = (
			);
			runOnlyForDeploymentPostprocessing = 0;
		};
		751C9F2F1FA67AB500D169E6 /* Resources */ = {
			isa = PBXResourcesBuildPhase;
			buildActionMask = 2147483647;
			files = (
			);
			runOnlyForDeploymentPostprocessing = 0;
		};
/* End PBXResourcesBuildPhase section */

/* Begin PBXSourcesBuildPhase section */
		751C9F0E1FA67AB500D169E6 /* Sources */ = {
			isa = PBXSourcesBuildPhase;
			buildActionMask = 2147483647;
			files = (
				751C9F181FA67AB500D169E6 /* ViewController.swift in Sources */,
				751C9F161FA67AB500D169E6 /* AppDelegate.swift in Sources */,
				756437C21FABE42300E9E87B /* CategoryCell.swift in Sources */,
				75B28B401FAD19C800BE58C4 /* Models.swift in Sources */,
			);
			runOnlyForDeploymentPostprocessing = 0;
		};
		751C9F221FA67AB500D169E6 /* Sources */ = {
			isa = PBXSourcesBuildPhase;
			buildActionMask = 2147483647;
			files = (
				751C9F2B1FA67AB500D169E6 /* YagniTests.swift in Sources */,
			);
			runOnlyForDeploymentPostprocessing = 0;
		};
		751C9F2D1FA67AB500D169E6 /* Sources */ = {
			isa = PBXSourcesBuildPhase;
			buildActionMask = 2147483647;
			files = (
				751C9F361FA67AB500D169E6 /* YagniUITests.swift in Sources */,
			);
			runOnlyForDeploymentPostprocessing = 0;
		};
/* End PBXSourcesBuildPhase section */

/* Begin PBXTargetDependency section */
		751C9F281FA67AB500D169E6 /* PBXTargetDependency */ = {
			isa = PBXTargetDependency;
			target = 751C9F111FA67AB500D169E6 /* Yagni */;
			targetProxy = 751C9F271FA67AB500D169E6 /* PBXContainerItemProxy */;
		};
		751C9F331FA67AB500D169E6 /* PBXTargetDependency */ = {
			isa = PBXTargetDependency;
			target = 751C9F111FA67AB500D169E6 /* Yagni */;
			targetProxy = 751C9F321FA67AB500D169E6 /* PBXContainerItemProxy */;
		};
/* End PBXTargetDependency section */

/* Begin PBXVariantGroup section */
		751C9F191FA67AB500D169E6 /* Main.storyboard */ = {
			isa = PBXVariantGroup;
			children = (
				751C9F1A1FA67AB500D169E6 /* Base */,
			);
			name = Main.storyboard;
			sourceTree = "<group>";
		};
		751C9F1E1FA67AB500D169E6 /* LaunchScreen.storyboard */ = {
			isa = PBXVariantGroup;
			children = (
				751C9F1F1FA67AB500D169E6 /* Base */,
			);
			name = LaunchScreen.storyboard;
			sourceTree = "<group>";
		};
/* End PBXVariantGroup section */

/* Begin XCBuildConfiguration section */
		751C9F381FA67AB500D169E6 /* Debug */ = {
			isa = XCBuildConfiguration;
			buildSettings = {
				ALWAYS_SEARCH_USER_PATHS = NO;
				CLANG_ANALYZER_NONNULL = YES;
				CLANG_ANALYZER_NUMBER_OBJECT_CONVERSION = YES_AGGRESSIVE;
				CLANG_CXX_LANGUAGE_STANDARD = "gnu++14";
				CLANG_CXX_LIBRARY = "libc++";
				CLANG_ENABLE_MODULES = YES;
				CLANG_ENABLE_OBJC_ARC = YES;
				CLANG_WARN_BLOCK_CAPTURE_AUTORELEASING = YES;
				CLANG_WARN_BOOL_CONVERSION = YES;
				CLANG_WARN_COMMA = YES;
				CLANG_WARN_CONSTANT_CONVERSION = YES;
				CLANG_WARN_DIRECT_OBJC_ISA_USAGE = YES_ERROR;
				CLANG_WARN_DOCUMENTATION_COMMENTS = YES;
				CLANG_WARN_EMPTY_BODY = YES;
				CLANG_WARN_ENUM_CONVERSION = YES;
				CLANG_WARN_INFINITE_RECURSION = YES;
				CLANG_WARN_INT_CONVERSION = YES;
				CLANG_WARN_NON_LITERAL_NULL_CONVERSION = YES;
				CLANG_WARN_OBJC_LITERAL_CONVERSION = YES;
				CLANG_WARN_OBJC_ROOT_CLASS = YES_ERROR;
				CLANG_WARN_RANGE_LOOP_ANALYSIS = YES;
				CLANG_WARN_STRICT_PROTOTYPES = YES;
				CLANG_WARN_SUSPICIOUS_MOVE = YES;
				CLANG_WARN_UNGUARDED_AVAILABILITY = YES_AGGRESSIVE;
				CLANG_WARN_UNREACHABLE_CODE = YES;
				CLANG_WARN__DUPLICATE_METHOD_MATCH = YES;
				CODE_SIGN_IDENTITY = "iPhone Developer";
				COPY_PHASE_STRIP = NO;
				DEBUG_INFORMATION_FORMAT = dwarf;
				ENABLE_STRICT_OBJC_MSGSEND = YES;
				ENABLE_TESTABILITY = YES;
				GCC_C_LANGUAGE_STANDARD = gnu11;
				GCC_DYNAMIC_NO_PIC = NO;
				GCC_NO_COMMON_BLOCKS = YES;
				GCC_OPTIMIZATION_LEVEL = 0;
				GCC_PREPROCESSOR_DEFINITIONS = (
					"DEBUG=1",
					"$(inherited)",
				);
				GCC_WARN_64_TO_32_BIT_CONVERSION = YES;
				GCC_WARN_ABOUT_RETURN_TYPE = YES_ERROR;
				GCC_WARN_UNDECLARED_SELECTOR = YES;
				GCC_WARN_UNINITIALIZED_AUTOS = YES_AGGRESSIVE;
				GCC_WARN_UNUSED_FUNCTION = YES;
				GCC_WARN_UNUSED_VARIABLE = YES;
				IPHONEOS_DEPLOYMENT_TARGET = 11.0;
				MTL_ENABLE_DEBUG_INFO = YES;
				ONLY_ACTIVE_ARCH = YES;
				SDKROOT = iphoneos;
				SWIFT_ACTIVE_COMPILATION_CONDITIONS = DEBUG;
				SWIFT_OPTIMIZATION_LEVEL = "-Onone";
			};
			name = Debug;
		};
		751C9F391FA67AB500D169E6 /* Release */ = {
			isa = XCBuildConfiguration;
			buildSettings = {
				ALWAYS_SEARCH_USER_PATHS = NO;
				CLANG_ANALYZER_NONNULL = YES;
				CLANG_ANALYZER_NUMBER_OBJECT_CONVERSION = YES_AGGRESSIVE;
				CLANG_CXX_LANGUAGE_STANDARD = "gnu++14";
				CLANG_CXX_LIBRARY = "libc++";
				CLANG_ENABLE_MODULES = YES;
				CLANG_ENABLE_OBJC_ARC = YES;
				CLANG_WARN_BLOCK_CAPTURE_AUTORELEASING = YES;
				CLANG_WARN_BOOL_CONVERSION = YES;
				CLANG_WARN_COMMA = YES;
				CLANG_WARN_CONSTANT_CONVERSION = YES;
				CLANG_WARN_DIRECT_OBJC_ISA_USAGE = YES_ERROR;
				CLANG_WARN_DOCUMENTATION_COMMENTS = YES;
				CLANG_WARN_EMPTY_BODY = YES;
				CLANG_WARN_ENUM_CONVERSION = YES;
				CLANG_WARN_INFINITE_RECURSION = YES;
				CLANG_WARN_INT_CONVERSION = YES;
				CLANG_WARN_NON_LITERAL_NULL_CONVERSION = YES;
				CLANG_WARN_OBJC_LITERAL_CONVERSION = YES;
				CLANG_WARN_OBJC_ROOT_CLASS = YES_ERROR;
				CLANG_WARN_RANGE_LOOP_ANALYSIS = YES;
				CLANG_WARN_STRICT_PROTOTYPES = YES;
				CLANG_WARN_SUSPICIOUS_MOVE = YES;
				CLANG_WARN_UNGUARDED_AVAILABILITY = YES_AGGRESSIVE;
				CLANG_WARN_UNREACHABLE_CODE = YES;
				CLANG_WARN__DUPLICATE_METHOD_MATCH = YES;
				CODE_SIGN_IDENTITY = "iPhone Developer";
				COPY_PHASE_STRIP = NO;
				DEBUG_INFORMATION_FORMAT = "dwarf-with-dsym";
				ENABLE_NS_ASSERTIONS = NO;
				ENABLE_STRICT_OBJC_MSGSEND = YES;
				GCC_C_LANGUAGE_STANDARD = gnu11;
				GCC_NO_COMMON_BLOCKS = YES;
				GCC_WARN_64_TO_32_BIT_CONVERSION = YES;
				GCC_WARN_ABOUT_RETURN_TYPE = YES_ERROR;
				GCC_WARN_UNDECLARED_SELECTOR = YES;
				GCC_WARN_UNINITIALIZED_AUTOS = YES_AGGRESSIVE;
				GCC_WARN_UNUSED_FUNCTION = YES;
				GCC_WARN_UNUSED_VARIABLE = YES;
				IPHONEOS_DEPLOYMENT_TARGET = 11.0;
				MTL_ENABLE_DEBUG_INFO = NO;
				SDKROOT = iphoneos;
				SWIFT_OPTIMIZATION_LEVEL = "-Owholemodule";
				VALIDATE_PRODUCT = YES;
			};
			name = Release;
		};
		751C9F3B1FA67AB500D169E6 /* Debug */ = {
			isa = XCBuildConfiguration;
			buildSettings = {
				ASSETCATALOG_COMPILER_APPICON_NAME = AppIcon;
				CODE_SIGN_STYLE = Automatic;
				DEVELOPMENT_TEAM = QFQW29JWKY;
				INFOPLIST_FILE = Yagni/Info.plist;
				IPHONEOS_DEPLOYMENT_TARGET = 10.0;
				LD_RUNPATH_SEARCH_PATHS = "$(inherited) @executable_path/Frameworks";
				PRODUCT_BUNDLE_IDENTIFIER = com.catosoftware.Yagni;
				PRODUCT_NAME = "$(TARGET_NAME)";
				SWIFT_VERSION = 4.0;
				TARGETED_DEVICE_FAMILY = "1,2";
			};
			name = Debug;
		};
		751C9F3C1FA67AB500D169E6 /* Release */ = {
			isa = XCBuildConfiguration;
			buildSettings = {
				ASSETCATALOG_COMPILER_APPICON_NAME = AppIcon;
				CODE_SIGN_STYLE = Automatic;
				DEVELOPMENT_TEAM = QFQW29JWKY;
				INFOPLIST_FILE = Yagni/Info.plist;
				IPHONEOS_DEPLOYMENT_TARGET = 10.0;
				LD_RUNPATH_SEARCH_PATHS = "$(inherited) @executable_path/Frameworks";
				PRODUCT_BUNDLE_IDENTIFIER = com.catosoftware.Yagni;
				PRODUCT_NAME = "$(TARGET_NAME)";
				SWIFT_VERSION = 4.0;
				TARGETED_DEVICE_FAMILY = "1,2";
			};
			name = Release;
		};
		751C9F3E1FA67AB500D169E6 /* Debug */ = {
			isa = XCBuildConfiguration;
			buildSettings = {
				ALWAYS_EMBED_SWIFT_STANDARD_LIBRARIES = YES;
				BUNDLE_LOADER = "$(TEST_HOST)";
				CODE_SIGN_STYLE = Automatic;
				DEVELOPMENT_TEAM = QFQW29JWKY;
				INFOPLIST_FILE = YagniTests/Info.plist;
				LD_RUNPATH_SEARCH_PATHS = "$(inherited) @executable_path/Frameworks @loader_path/Frameworks";
				PRODUCT_BUNDLE_IDENTIFIER = com.catosoftware.YagniTests;
				PRODUCT_NAME = "$(TARGET_NAME)";
				SWIFT_VERSION = 4.0;
				TARGETED_DEVICE_FAMILY = "1,2";
				TEST_HOST = "$(BUILT_PRODUCTS_DIR)/Yagni.app/Yagni";
			};
			name = Debug;
		};
		751C9F3F1FA67AB500D169E6 /* Release */ = {
			isa = XCBuildConfiguration;
			buildSettings = {
				ALWAYS_EMBED_SWIFT_STANDARD_LIBRARIES = YES;
				BUNDLE_LOADER = "$(TEST_HOST)";
				CODE_SIGN_STYLE = Automatic;
				DEVELOPMENT_TEAM = QFQW29JWKY;
				INFOPLIST_FILE = YagniTests/Info.plist;
				LD_RUNPATH_SEARCH_PATHS = "$(inherited) @executable_path/Frameworks @loader_path/Frameworks";
				PRODUCT_BUNDLE_IDENTIFIER = com.catosoftware.YagniTests;
				PRODUCT_NAME = "$(TARGET_NAME)";
				SWIFT_VERSION = 4.0;
				TARGETED_DEVICE_FAMILY = "1,2";
				TEST_HOST = "$(BUILT_PRODUCTS_DIR)/Yagni.app/Yagni";
			};
			name = Release;
		};
		751C9F411FA67AB500D169E6 /* Debug */ = {
			isa = XCBuildConfiguration;
			buildSettings = {
				ALWAYS_EMBED_SWIFT_STANDARD_LIBRARIES = YES;
				CODE_SIGN_STYLE = Automatic;
				DEVELOPMENT_TEAM = QFQW29JWKY;
				INFOPLIST_FILE = YagniUITests/Info.plist;
				LD_RUNPATH_SEARCH_PATHS = "$(inherited) @executable_path/Frameworks @loader_path/Frameworks";
				PRODUCT_BUNDLE_IDENTIFIER = com.catosoftware.YagniUITests;
				PRODUCT_NAME = "$(TARGET_NAME)";
				SWIFT_VERSION = 4.0;
				TARGETED_DEVICE_FAMILY = "1,2";
				TEST_TARGET_NAME = Yagni;
			};
			name = Debug;
		};
		751C9F421FA67AB500D169E6 /* Release */ = {
			isa = XCBuildConfiguration;
			buildSettings = {
				ALWAYS_EMBED_SWIFT_STANDARD_LIBRARIES = YES;
				CODE_SIGN_STYLE = Automatic;
				DEVELOPMENT_TEAM = QFQW29JWKY;
				INFOPLIST_FILE = YagniUITests/Info.plist;
				LD_RUNPATH_SEARCH_PATHS = "$(inherited) @executable_path/Frameworks @loader_path/Frameworks";
				PRODUCT_BUNDLE_IDENTIFIER = com.catosoftware.YagniUITests;
				PRODUCT_NAME = "$(TARGET_NAME)";
				SWIFT_VERSION = 4.0;
				TARGETED_DEVICE_FAMILY = "1,2";
				TEST_TARGET_NAME = Yagni;
			};
			name = Release;
		};
/* End XCBuildConfiguration section */

/* Begin XCConfigurationList section */
		751C9F0D1FA67AB500D169E6 /* Build configuration list for PBXProject "Yagni" */ = {
			isa = XCConfigurationList;
			buildConfigurations = (
				751C9F381FA67AB500D169E6 /* Debug */,
				751C9F391FA67AB500D169E6 /* Release */,
			);
			defaultConfigurationIsVisible = 0;
			defaultConfigurationName = Release;
		};
		751C9F3A1FA67AB500D169E6 /* Build configuration list for PBXNativeTarget "Yagni" */ = {
			isa = XCConfigurationList;
			buildConfigurations = (
				751C9F3B1FA67AB500D169E6 /* Debug */,
				751C9F3C1FA67AB500D169E6 /* Release */,
			);
			defaultConfigurationIsVisible = 0;
			defaultConfigurationName = Release;
		};
		751C9F3D1FA67AB500D169E6 /* Build configuration list for PBXNativeTarget "YagniTests" */ = {
			isa = XCConfigurationList;
			buildConfigurations = (
				751C9F3E1FA67AB500D169E6 /* Debug */,
				751C9F3F1FA67AB500D169E6 /* Release */,
			);
			defaultConfigurationIsVisible = 0;
			defaultConfigurationName = Release;
		};
		751C9F401FA67AB500D169E6 /* Build configuration list for PBXNativeTarget "YagniUITests" */ = {
			isa = XCConfigurationList;
			buildConfigurations = (
				751C9F411FA67AB500D169E6 /* Debug */,
				751C9F421FA67AB500D169E6 /* Release */,
			);
			defaultConfigurationIsVisible = 0;
			defaultConfigurationName = Release;
		};
/* End XCConfigurationList section */
	};
	rootObject = 751C9F0A1FA67AB500D169E6 /* Project object */;
}
